PODS:
  - ContextMenu (0.5.1)

DEPENDENCIES:
  - ContextMenu (from `../ContextMenu.podspec`)

EXTERNAL SOURCES:
  ContextMenu:
    :path: "../ContextMenu.podspec"

SPEC CHECKSUMS:
  ContextMenu: accf2c0d0d91ad7c573fcd9863a1fd339d1cf980

PODFILE CHECKSUM: a25bcff99b093889f3fc3097941235bb4adeee58

COCOAPODS: 1.5.3
