PODS:
  - ContextMenu (0.5.0)

DEPENDENCIES:
  - ContextMenu (from `../ContextMenu.podspec`)

EXTERNAL SOURCES:
  ContextMenu:
    :path: "../ContextMenu.podspec"

SPEC CHECKSUMS:
  ContextMenu: 771a37612cd5cd10bf1dc0e3b9187df4d6f1e57a

PODFILE CHECKSUM: aa060c7f3a10a9cb8b2633f1297c22bb65e4f54d

COCOAPODS: 1.5.3
